// !$*UTF8*$!
{
	archiveVersion = 1;
	classes = {
	};
	objectVersion = 56;
	objects = {

/* Begin PBXBuildFile section */
		8D0F374C29A858B20054C3DE /* FilterViewController.swift in Sources */ = {isa = PBXBuildFile; fileRef = 8D0F374A29A858B20054C3DE /* FilterViewController.swift */; };
		8D0F374D29A858B20054C3DE /* FilterViewController.xib in Resources */ = {isa = PBXBuildFile; fileRef = 8D0F374B29A858B20054C3DE /* FilterViewController.xib */; };
		8D0F375029A863340054C3DE /* FilterCell.swift in Sources */ = {isa = PBXBuildFile; fileRef = 8D0F374E29A863340054C3DE /* FilterCell.swift */; };
		8D0F375129A863340054C3DE /* FilterCell.xib in Resources */ = {isa = PBXBuildFile; fileRef = 8D0F374F29A863340054C3DE /* FilterCell.xib */; };
		8D0F375729A9192D0054C3DE /* FilterViewModel.swift in Sources */ = {isa = PBXBuildFile; fileRef = 8D0F375629A9192D0054C3DE /* FilterViewModel.swift */; };
		8D0F375929A921D80054C3DE /* PersistanceManager.swift in Sources */ = {isa = PBXBuildFile; fileRef = 8D0F375829A921D80054C3DE /* PersistanceManager.swift */; };
		8D0F375B29A9A8580054C3DE /* CustomTitleLabel.swift in Sources */ = {isa = PBXBuildFile; fileRef = 8D0F375A29A9A8580054C3DE /* CustomTitleLabel.swift */; };
		8D0F375D29A9AA3F0054C3DE /* CustomBodyLabel.swift in Sources */ = {isa = PBXBuildFile; fileRef = 8D0F375C29A9AA3F0054C3DE /* CustomBodyLabel.swift */; };
		8D0F375F29A9AC050054C3DE /* CustomAlertViewController.swift in Sources */ = {isa = PBXBuildFile; fileRef = 8D0F375E29A9AC050054C3DE /* CustomAlertViewController.swift */; };
		8D0F376129A9ACA30054C3DE /* CustomButton.swift in Sources */ = {isa = PBXBuildFile; fileRef = 8D0F376029A9ACA30054C3DE /* CustomButton.swift */; };
		8D0F377F29AAA6930054C3DE /* Date+Extension.swift in Sources */ = {isa = PBXBuildFile; fileRef = 8D0F377E29AAA6930054C3DE /* Date+Extension.swift */; };
		8D0F378129AAA6EE0054C3DE /* NewsFeedViewControllerExtension.swift in Sources */ = {isa = PBXBuildFile; fileRef = 8D0F378029AAA6EE0054C3DE /* NewsFeedViewControllerExtension.swift */; };
		8D0F378A29AAD4890054C3DE /* NewsFeedCollectionCell.swift in Sources */ = {isa = PBXBuildFile; fileRef = 8D0F378829AAD4890054C3DE /* NewsFeedCollectionCell.swift */; };
		8D0F378B29AAD4890054C3DE /* NewsFeedCollectionCell.xib in Resources */ = {isa = PBXBuildFile; fileRef = 8D0F378929AAD4890054C3DE /* NewsFeedCollectionCell.xib */; };
		8D7448FC29AC7C1500195037 /* FilterFeedTests.swift in Sources */ = {isa = PBXBuildFile; fileRef = 8D7448FB29AC7C1500195037 /* FilterFeedTests.swift */; };
		8DA59D7029A6D2A90085CE63 /* NewsFeedModel.swift in Sources */ = {isa = PBXBuildFile; fileRef = 8DA59D6F29A6D2A90085CE63 /* NewsFeedModel.swift */; };
		8DA59D7329A6D6FF0085CE63 /* Constants.swift in Sources */ = {isa = PBXBuildFile; fileRef = 8DA59D7229A6D6FF0085CE63 /* Constants.swift */; };
		8DA59D7829A6D9D90085CE63 /* NewsFeedViewModel.swift in Sources */ = {isa = PBXBuildFile; fileRef = 8DA59D7729A6D9D90085CE63 /* NewsFeedViewModel.swift */; };
		8DA59D7F29A6DEE60085CE63 /* ServiceProvider.swift in Sources */ = {isa = PBXBuildFile; fileRef = 8DA59D7E29A6DEE60085CE63 /* ServiceProvider.swift */; };
		8DA59D8129A6DF530085CE63 /* ServiceConstants.swift in Sources */ = {isa = PBXBuildFile; fileRef = 8DA59D8029A6DF530085CE63 /* ServiceConstants.swift */; };
		8DA59D8329A6DFC70085CE63 /* EndPointType.swift in Sources */ = {isa = PBXBuildFile; fileRef = 8DA59D8229A6DFC70085CE63 /* EndPointType.swift */; };
		8DA59D8529A6DFEC0085CE63 /* CbcEndPoint.swift in Sources */ = {isa = PBXBuildFile; fileRef = 8DA59D8429A6DFEC0085CE63 /* CbcEndPoint.swift */; };
		8DA59D8729A6E6660085CE63 /* NewsFeedCellModel.swift in Sources */ = {isa = PBXBuildFile; fileRef = 8DA59D8629A6E6660085CE63 /* NewsFeedCellModel.swift */; };
		8DA59D8A29A6F6570085CE63 /* UIImageView+LoadImage.swift in Sources */ = {isa = PBXBuildFile; fileRef = 8DA59D8929A6F6570085CE63 /* UIImageView+LoadImage.swift */; };
		8DAAEFA029A6AA07003C446A /* AppDelegate.swift in Sources */ = {isa = PBXBuildFile; fileRef = 8DAAEF9F29A6AA07003C446A /* AppDelegate.swift */; };
		8DAAEFA229A6AA07003C446A /* SceneDelegate.swift in Sources */ = {isa = PBXBuildFile; fileRef = 8DAAEFA129A6AA07003C446A /* SceneDelegate.swift */; };
		8DAAEFA429A6AA07003C446A /* NewsFeedViewController.swift in Sources */ = {isa = PBXBuildFile; fileRef = 8DAAEFA329A6AA07003C446A /* NewsFeedViewController.swift */; };
		8DAAEFA929A6AA0D003C446A /* Assets.xcassets in Resources */ = {isa = PBXBuildFile; fileRef = 8DAAEFA829A6AA0D003C446A /* Assets.xcassets */; };
		8DAAEFAC29A6AA0D003C446A /* LaunchScreen.storyboard in Resources */ = {isa = PBXBuildFile; fileRef = 8DAAEFAA29A6AA0D003C446A /* LaunchScreen.storyboard */; };
		8DAAEFB729A6AA0E003C446A /* FetchFeedTests.swift in Sources */ = {isa = PBXBuildFile; fileRef = 8DAAEFB629A6AA0E003C446A /* FetchFeedTests.swift */; };
		8DAAEFC129A6AA0E003C446A /* CBCNewsFeedUITests.swift in Sources */ = {isa = PBXBuildFile; fileRef = 8DAAEFC029A6AA0E003C446A /* CBCNewsFeedUITests.swift */; };
		8DAAEFC329A6AA0E003C446A /* CBCNewsFeedUITestsLaunchTests.swift in Sources */ = {isa = PBXBuildFile; fileRef = 8DAAEFC229A6AA0E003C446A /* CBCNewsFeedUITestsLaunchTests.swift */; };
		8DAAEFD229A6B5BD003C446A /* NewsFeed.storyboard in Resources */ = {isa = PBXBuildFile; fileRef = 8DAAEFD129A6B5BD003C446A /* NewsFeed.storyboard */; };
		8DAAEFDB29A6C175003C446A /* NewsFeedCell.swift in Sources */ = {isa = PBXBuildFile; fileRef = 8DAAEFD929A6C175003C446A /* NewsFeedCell.swift */; };
		8DAAEFDC29A6C175003C446A /* NewsFeedCell.xib in Resources */ = {isa = PBXBuildFile; fileRef = 8DAAEFDA29A6C175003C446A /* NewsFeedCell.xib */; };
/* End PBXBuildFile section */

/* Begin PBXContainerItemProxy section */
		8DAAEFB329A6AA0E003C446A /* PBXContainerItemProxy */ = {
			isa = PBXContainerItemProxy;
			containerPortal = 8DAAEF9429A6AA07003C446A /* Project object */;
			proxyType = 1;
			remoteGlobalIDString = 8DAAEF9B29A6AA07003C446A;
			remoteInfo = CBCNewsFeed;
		};
		8DAAEFBD29A6AA0E003C446A /* PBXContainerItemProxy */ = {
			isa = PBXContainerItemProxy;
			containerPortal = 8DAAEF9429A6AA07003C446A /* Project object */;
			proxyType = 1;
			remoteGlobalIDString = 8DAAEF9B29A6AA07003C446A;
			remoteInfo = CBCNewsFeed;
		};
/* End PBXContainerItemProxy section */

/* Begin PBXFileReference section */
		8D0F374A29A858B20054C3DE /* FilterViewController.swift */ = {isa = PBXFileReference; lastKnownFileType = sourcecode.swift; path = FilterViewController.swift; sourceTree = "<group>"; };
		8D0F374B29A858B20054C3DE /* FilterViewController.xib */ = {isa = PBXFileReference; lastKnownFileType = file.xib; path = FilterViewController.xib; sourceTree = "<group>"; };
		8D0F374E29A863340054C3DE /* FilterCell.swift */ = {isa = PBXFileReference; lastKnownFileType = sourcecode.swift; path = FilterCell.swift; sourceTree = "<group>"; };
		8D0F374F29A863340054C3DE /* FilterCell.xib */ = {isa = PBXFileReference; lastKnownFileType = file.xib; path = FilterCell.xib; sourceTree = "<group>"; };
		8D0F375629A9192D0054C3DE /* FilterViewModel.swift */ = {isa = PBXFileReference; lastKnownFileType = sourcecode.swift; path = FilterViewModel.swift; sourceTree = "<group>"; };
		8D0F375829A921D80054C3DE /* PersistanceManager.swift */ = {isa = PBXFileReference; lastKnownFileType = sourcecode.swift; path = PersistanceManager.swift; sourceTree = "<group>"; };
		8D0F375A29A9A8580054C3DE /* CustomTitleLabel.swift */ = {isa = PBXFileReference; lastKnownFileType = sourcecode.swift; path = CustomTitleLabel.swift; sourceTree = "<group>"; };
		8D0F375C29A9AA3F0054C3DE /* CustomBodyLabel.swift */ = {isa = PBXFileReference; lastKnownFileType = sourcecode.swift; path = CustomBodyLabel.swift; sourceTree = "<group>"; };
		8D0F375E29A9AC050054C3DE /* CustomAlertViewController.swift */ = {isa = PBXFileReference; lastKnownFileType = sourcecode.swift; path = CustomAlertViewController.swift; sourceTree = "<group>"; };
		8D0F376029A9ACA30054C3DE /* CustomButton.swift */ = {isa = PBXFileReference; lastKnownFileType = sourcecode.swift; path = CustomButton.swift; sourceTree = "<group>"; };
		8D0F377E29AAA6930054C3DE /* Date+Extension.swift */ = {isa = PBXFileReference; lastKnownFileType = sourcecode.swift; path = "Date+Extension.swift"; sourceTree = "<group>"; };
		8D0F378029AAA6EE0054C3DE /* NewsFeedViewControllerExtension.swift */ = {isa = PBXFileReference; lastKnownFileType = sourcecode.swift; path = NewsFeedViewControllerExtension.swift; sourceTree = "<group>"; };
		8D0F378829AAD4890054C3DE /* NewsFeedCollectionCell.swift */ = {isa = PBXFileReference; lastKnownFileType = sourcecode.swift; path = NewsFeedCollectionCell.swift; sourceTree = "<group>"; };
		8D0F378929AAD4890054C3DE /* NewsFeedCollectionCell.xib */ = {isa = PBXFileReference; lastKnownFileType = file.xib; path = NewsFeedCollectionCell.xib; sourceTree = "<group>"; };
		8D7448FA29AC692C00195037 /* README.md */ = {isa = PBXFileReference; lastKnownFileType = net.daringfireball.markdown; path = README.md; sourceTree = "<group>"; };
		8D7448FB29AC7C1500195037 /* FilterFeedTests.swift */ = {isa = PBXFileReference; lastKnownFileType = sourcecode.swift; path = FilterFeedTests.swift; sourceTree = "<group>"; };
		8DA59D6F29A6D2A90085CE63 /* NewsFeedModel.swift */ = {isa = PBXFileReference; lastKnownFileType = sourcecode.swift; path = NewsFeedModel.swift; sourceTree = "<group>"; };
		8DA59D7229A6D6FF0085CE63 /* Constants.swift */ = {isa = PBXFileReference; lastKnownFileType = sourcecode.swift; path = Constants.swift; sourceTree = "<group>"; };
		8DA59D7729A6D9D90085CE63 /* NewsFeedViewModel.swift */ = {isa = PBXFileReference; lastKnownFileType = sourcecode.swift; path = NewsFeedViewModel.swift; sourceTree = "<group>"; };
		8DA59D7E29A6DEE60085CE63 /* ServiceProvider.swift */ = {isa = PBXFileReference; lastKnownFileType = sourcecode.swift; path = ServiceProvider.swift; sourceTree = "<group>"; };
		8DA59D8029A6DF530085CE63 /* ServiceConstants.swift */ = {isa = PBXFileReference; lastKnownFileType = sourcecode.swift; path = ServiceConstants.swift; sourceTree = "<group>"; };
		8DA59D8229A6DFC70085CE63 /* EndPointType.swift */ = {isa = PBXFileReference; lastKnownFileType = sourcecode.swift; path = EndPointType.swift; sourceTree = "<group>"; };
		8DA59D8429A6DFEC0085CE63 /* CbcEndPoint.swift */ = {isa = PBXFileReference; lastKnownFileType = sourcecode.swift; path = CbcEndPoint.swift; sourceTree = "<group>"; };
		8DA59D8629A6E6660085CE63 /* NewsFeedCellModel.swift */ = {isa = PBXFileReference; lastKnownFileType = sourcecode.swift; path = NewsFeedCellModel.swift; sourceTree = "<group>"; };
		8DA59D8929A6F6570085CE63 /* UIImageView+LoadImage.swift */ = {isa = PBXFileReference; lastKnownFileType = sourcecode.swift; path = "UIImageView+LoadImage.swift"; sourceTree = "<group>"; };
		8DAAEF9C29A6AA07003C446A /* NewsPlus.app */ = {isa = PBXFileReference; explicitFileType = wrapper.application; includeInIndex = 0; path = NewsPlus.app; sourceTree = BUILT_PRODUCTS_DIR; };
		8DAAEF9F29A6AA07003C446A /* AppDelegate.swift */ = {isa = PBXFileReference; lastKnownFileType = sourcecode.swift; path = AppDelegate.swift; sourceTree = "<group>"; };
		8DAAEFA129A6AA07003C446A /* SceneDelegate.swift */ = {isa = PBXFileReference; lastKnownFileType = sourcecode.swift; path = SceneDelegate.swift; sourceTree = "<group>"; };
		8DAAEFA329A6AA07003C446A /* NewsFeedViewController.swift */ = {isa = PBXFileReference; lastKnownFileType = sourcecode.swift; path = NewsFeedViewController.swift; sourceTree = "<group>"; };
		8DAAEFA829A6AA0D003C446A /* Assets.xcassets */ = {isa = PBXFileReference; lastKnownFileType = folder.assetcatalog; path = Assets.xcassets; sourceTree = "<group>"; };
		8DAAEFAB29A6AA0D003C446A /* Base */ = {isa = PBXFileReference; lastKnownFileType = file.storyboard; name = Base; path = Base.lproj/LaunchScreen.storyboard; sourceTree = "<group>"; };
		8DAAEFAD29A6AA0D003C446A /* Info.plist */ = {isa = PBXFileReference; lastKnownFileType = text.plist.xml; path = Info.plist; sourceTree = "<group>"; };
		8DAAEFB229A6AA0E003C446A /* NewsPlusTests.xctest */ = {isa = PBXFileReference; explicitFileType = wrapper.cfbundle; includeInIndex = 0; path = NewsPlusTests.xctest; sourceTree = BUILT_PRODUCTS_DIR; };
		8DAAEFB629A6AA0E003C446A /* FetchFeedTests.swift */ = {isa = PBXFileReference; lastKnownFileType = sourcecode.swift; path = FetchFeedTests.swift; sourceTree = "<group>"; };
		8DAAEFBC29A6AA0E003C446A /* NewsPlusUITests.xctest */ = {isa = PBXFileReference; explicitFileType = wrapper.cfbundle; includeInIndex = 0; path = NewsPlusUITests.xctest; sourceTree = BUILT_PRODUCTS_DIR; };
		8DAAEFC029A6AA0E003C446A /* CBCNewsFeedUITests.swift */ = {isa = PBXFileReference; lastKnownFileType = sourcecode.swift; path = CBCNewsFeedUITests.swift; sourceTree = "<group>"; };
		8DAAEFC229A6AA0E003C446A /* CBCNewsFeedUITestsLaunchTests.swift */ = {isa = PBXFileReference; lastKnownFileType = sourcecode.swift; path = CBCNewsFeedUITestsLaunchTests.swift; sourceTree = "<group>"; };
		8DAAEFD129A6B5BD003C446A /* NewsFeed.storyboard */ = {isa = PBXFileReference; lastKnownFileType = file.storyboard; path = NewsFeed.storyboard; sourceTree = "<group>"; };
		8DAAEFD929A6C175003C446A /* NewsFeedCell.swift */ = {isa = PBXFileReference; lastKnownFileType = sourcecode.swift; path = NewsFeedCell.swift; sourceTree = "<group>"; };
		8DAAEFDA29A6C175003C446A /* NewsFeedCell.xib */ = {isa = PBXFileReference; lastKnownFileType = file.xib; path = NewsFeedCell.xib; sourceTree = "<group>"; };
/* End PBXFileReference section */

/* Begin PBXFrameworksBuildPhase section */
		8DAAEF9929A6AA07003C446A /* Frameworks */ = {
			isa = PBXFrameworksBuildPhase;
			buildActionMask = 2147483647;
			files = (
			);
			runOnlyForDeploymentPostprocessing = 0;
		};
		8DAAEFAF29A6AA0D003C446A /* Frameworks */ = {
			isa = PBXFrameworksBuildPhase;
			buildActionMask = 2147483647;
			files = (
			);
			runOnlyForDeploymentPostprocessing = 0;
		};
		8DAAEFB929A6AA0E003C446A /* Frameworks */ = {
			isa = PBXFrameworksBuildPhase;
			buildActionMask = 2147483647;
			files = (
			);
			runOnlyForDeploymentPostprocessing = 0;
		};
/* End PBXFrameworksBuildPhase section */

/* Begin PBXGroup section */
		8D0F375229A9188F0054C3DE /* FilterNews */ = {
			isa = PBXGroup;
			children = (
				8D0F375329A918B50054C3DE /* View */,
				8D0F375429A918BC0054C3DE /* ViewModel */,
			);
			path = FilterNews;
			sourceTree = "<group>";
		};
		8D0F375329A918B50054C3DE /* View */ = {
			isa = PBXGroup;
			children = (
				8D0F374A29A858B20054C3DE /* FilterViewController.swift */,
				8D0F374B29A858B20054C3DE /* FilterViewController.xib */,
				8D0F375529A918CC0054C3DE /* ViewCells */,
			);
			path = View;
			sourceTree = "<group>";
		};
		8D0F375429A918BC0054C3DE /* ViewModel */ = {
			isa = PBXGroup;
			children = (
				8D0F375629A9192D0054C3DE /* FilterViewModel.swift */,
			);
			path = ViewModel;
			sourceTree = "<group>";
		};
		8D0F375529A918CC0054C3DE /* ViewCells */ = {
			isa = PBXGroup;
			children = (
				8D0F374E29A863340054C3DE /* FilterCell.swift */,
				8D0F374F29A863340054C3DE /* FilterCell.xib */,
			);
			path = ViewCells;
			sourceTree = "<group>";
		};
		8D0F378C29AC4D9A0054C3DE /* CustomViews */ = {
			isa = PBXGroup;
			children = (
				8D0F375A29A9A8580054C3DE /* CustomTitleLabel.swift */,
				8D0F375C29A9AA3F0054C3DE /* CustomBodyLabel.swift */,
				8D0F375E29A9AC050054C3DE /* CustomAlertViewController.swift */,
				8D0F376029A9ACA30054C3DE /* CustomButton.swift */,
			);
			path = CustomViews;
			sourceTree = "<group>";
		};
		8D0F378D29AC4E980054C3DE /* Home */ = {
			isa = PBXGroup;
			children = (
				8DA59D6C29A6D15E0085CE63 /* View */,
				8DA59D7629A6D9C10085CE63 /* ViewModel */,
			);
			path = Home;
			sourceTree = "<group>";
		};
		8D0F378E29AC4FED0054C3DE /* Support */ = {
			isa = PBXGroup;
			children = (
				8DAAEF9F29A6AA07003C446A /* AppDelegate.swift */,
				8DAAEFA129A6AA07003C446A /* SceneDelegate.swift */,
				8DAAEFA829A6AA0D003C446A /* Assets.xcassets */,
				8DAAEFAA29A6AA0D003C446A /* LaunchScreen.storyboard */,
			);
			path = Support;
			sourceTree = "<group>";
		};
		8DA59D6C29A6D15E0085CE63 /* View */ = {
			isa = PBXGroup;
			children = (
				8DA59D6D29A6D1660085CE63 /* ViewCells */,
				8DAAEFD129A6B5BD003C446A /* NewsFeed.storyboard */,
				8DAAEFA329A6AA07003C446A /* NewsFeedViewController.swift */,
				8D0F378029AAA6EE0054C3DE /* NewsFeedViewControllerExtension.swift */,
			);
			path = View;
			sourceTree = "<group>";
		};
		8DA59D6D29A6D1660085CE63 /* ViewCells */ = {
			isa = PBXGroup;
			children = (
				8DAAEFD929A6C175003C446A /* NewsFeedCell.swift */,
				8DAAEFDA29A6C175003C446A /* NewsFeedCell.xib */,
				8D0F378829AAD4890054C3DE /* NewsFeedCollectionCell.swift */,
				8D0F378929AAD4890054C3DE /* NewsFeedCollectionCell.xib */,
			);
			path = ViewCells;
			sourceTree = "<group>";
		};
		8DA59D6E29A6D2930085CE63 /* Model */ = {
			isa = PBXGroup;
			children = (
				8DA59D6F29A6D2A90085CE63 /* NewsFeedModel.swift */,
			);
			path = Model;
			sourceTree = "<group>";
		};
		8DA59D7129A6D6EE0085CE63 /* Utilities */ = {
			isa = PBXGroup;
			children = (
				8DA59D7229A6D6FF0085CE63 /* Constants.swift */,
			);
			path = Utilities;
			sourceTree = "<group>";
		};
		8DA59D7629A6D9C10085CE63 /* ViewModel */ = {
			isa = PBXGroup;
			children = (
				8DA59D7729A6D9D90085CE63 /* NewsFeedViewModel.swift */,
				8DA59D8629A6E6660085CE63 /* NewsFeedCellModel.swift */,
			);
			path = ViewModel;
			sourceTree = "<group>";
		};
		8DA59D7B29A6DE0B0085CE63 /* Network */ = {
			isa = PBXGroup;
			children = (
				8DA59D7C29A6DE250085CE63 /* Services */,
				8DA59D7D29A6DE2D0085CE63 /* EndPoint */,
			);
			path = Network;
			sourceTree = "<group>";
		};
		8DA59D7C29A6DE250085CE63 /* Services */ = {
			isa = PBXGroup;
			children = (
				8DA59D7E29A6DEE60085CE63 /* ServiceProvider.swift */,
				8DA59D8029A6DF530085CE63 /* ServiceConstants.swift */,
				8D0F375829A921D80054C3DE /* PersistanceManager.swift */,
			);
			path = Services;
			sourceTree = "<group>";
		};
		8DA59D7D29A6DE2D0085CE63 /* EndPoint */ = {
			isa = PBXGroup;
			children = (
				8DA59D8229A6DFC70085CE63 /* EndPointType.swift */,
				8DA59D8429A6DFEC0085CE63 /* CbcEndPoint.swift */,
			);
			path = EndPoint;
			sourceTree = "<group>";
		};
		8DA59D8829A6F6380085CE63 /* Extensions */ = {
			isa = PBXGroup;
			children = (
				8DA59D8929A6F6570085CE63 /* UIImageView+LoadImage.swift */,
				8D0F377E29AAA6930054C3DE /* Date+Extension.swift */,
			);
			path = Extensions;
			sourceTree = "<group>";
		};
		8DAAEF9329A6AA07003C446A = {
			isa = PBXGroup;
			children = (
				8D7448FA29AC692C00195037 /* README.md */,
				8DAAEF9E29A6AA07003C446A /* CBCNewsFeed */,
				8DAAEFB529A6AA0E003C446A /* CBCNewsFeedTests */,
				8DAAEFBF29A6AA0E003C446A /* CBCNewsFeedUITests */,
				8DAAEF9D29A6AA07003C446A /* Products */,
			);
			sourceTree = "<group>";
		};
		8DAAEF9D29A6AA07003C446A /* Products */ = {
			isa = PBXGroup;
			children = (
				8DAAEF9C29A6AA07003C446A /* NewsPlus.app */,
				8DAAEFB229A6AA0E003C446A /* NewsPlusTests.xctest */,
				8DAAEFBC29A6AA0E003C446A /* NewsPlusUITests.xctest */,
			);
			name = Products;
			sourceTree = "<group>";
		};
		8DAAEF9E29A6AA07003C446A /* CBCNewsFeed */ = {
			isa = PBXGroup;
			children = (
				8D0F378D29AC4E980054C3DE /* Home */,
				8D0F378C29AC4D9A0054C3DE /* CustomViews */,
				8D0F375229A9188F0054C3DE /* FilterNews */,
				8DA59D8829A6F6380085CE63 /* Extensions */,
				8DA59D7B29A6DE0B0085CE63 /* Network */,
				8DA59D7129A6D6EE0085CE63 /* Utilities */,
				8DA59D6E29A6D2930085CE63 /* Model */,
				8D0F378E29AC4FED0054C3DE /* Support */,
				8DAAEFAD29A6AA0D003C446A /* Info.plist */,
			);
			path = CBCNewsFeed;
			sourceTree = "<group>";
		};
		8DAAEFB529A6AA0E003C446A /* CBCNewsFeedTests */ = {
			isa = PBXGroup;
			children = (
				8DAAEFB629A6AA0E003C446A /* FetchFeedTests.swift */,
				8D7448FB29AC7C1500195037 /* FilterFeedTests.swift */,
			);
			path = CBCNewsFeedTests;
			sourceTree = "<group>";
		};
		8DAAEFBF29A6AA0E003C446A /* CBCNewsFeedUITests */ = {
			isa = PBXGroup;
			children = (
				8DAAEFC029A6AA0E003C446A /* CBCNewsFeedUITests.swift */,
				8DAAEFC229A6AA0E003C446A /* CBCNewsFeedUITestsLaunchTests.swift */,
			);
			path = CBCNewsFeedUITests;
			sourceTree = "<group>";
		};
/* End PBXGroup section */

/* Begin PBXNativeTarget section */
		8DAAEF9B29A6AA07003C446A /* NewsPlus */ = {
			isa = PBXNativeTarget;
			buildConfigurationList = 8DAAEFC629A6AA0E003C446A /* Build configuration list for PBXNativeTarget "NewsPlus" */;
			buildPhases = (
				8DAAEF9829A6AA07003C446A /* Sources */,
				8DAAEF9929A6AA07003C446A /* Frameworks */,
				8DAAEF9A29A6AA07003C446A /* Resources */,
				8D0F378F29AC58E30054C3DE /* ShellScript */,
			);
			buildRules = (
			);
			dependencies = (
			);
			name = NewsPlus;
			productName = CBCNewsFeed;
			productReference = 8DAAEF9C29A6AA07003C446A /* NewsPlus.app */;
			productType = "com.apple.product-type.application";
		};
		8DAAEFB129A6AA0D003C446A /* NewsPlusTests */ = {
			isa = PBXNativeTarget;
			buildConfigurationList = 8DAAEFC929A6AA0E003C446A /* Build configuration list for PBXNativeTarget "NewsPlusTests" */;
			buildPhases = (
				8DAAEFAE29A6AA0D003C446A /* Sources */,
				8DAAEFAF29A6AA0D003C446A /* Frameworks */,
				8DAAEFB029A6AA0D003C446A /* Resources */,
			);
			buildRules = (
			);
			dependencies = (
				8DAAEFB429A6AA0E003C446A /* PBXTargetDependency */,
			);
			name = NewsPlusTests;
			productName = CBCNewsFeedTests;
			productReference = 8DAAEFB229A6AA0E003C446A /* NewsPlusTests.xctest */;
			productType = "com.apple.product-type.bundle.unit-test";
		};
		8DAAEFBB29A6AA0E003C446A /* NewsPlusUITests */ = {
			isa = PBXNativeTarget;
			buildConfigurationList = 8DAAEFCC29A6AA0E003C446A /* Build configuration list for PBXNativeTarget "NewsPlusUITests" */;
			buildPhases = (
				8DAAEFB829A6AA0E003C446A /* Sources */,
				8DAAEFB929A6AA0E003C446A /* Frameworks */,
				8DAAEFBA29A6AA0E003C446A /* Resources */,
			);
			buildRules = (
			);
			dependencies = (
				8DAAEFBE29A6AA0E003C446A /* PBXTargetDependency */,
			);
			name = NewsPlusUITests;
			productName = CBCNewsFeedUITests;
			productReference = 8DAAEFBC29A6AA0E003C446A /* NewsPlusUITests.xctest */;
			productType = "com.apple.product-type.bundle.ui-testing";
		};
/* End PBXNativeTarget section */

/* Begin PBXProject section */
		8DAAEF9429A6AA07003C446A /* Project object */ = {
			isa = PBXProject;
			attributes = {
				BuildIndependentTargetsInParallel = 1;
				LastSwiftUpdateCheck = 1420;
				LastUpgradeCheck = 1420;
				TargetAttributes = {
					8DAAEF9B29A6AA07003C446A = {
						CreatedOnToolsVersion = 14.2;
					};
					8DAAEFB129A6AA0D003C446A = {
						CreatedOnToolsVersion = 14.2;
						TestTargetID = 8DAAEF9B29A6AA07003C446A;
					};
					8DAAEFBB29A6AA0E003C446A = {
						CreatedOnToolsVersion = 14.2;
						TestTargetID = 8DAAEF9B29A6AA07003C446A;
					};
				};
			};
			buildConfigurationList = 8DAAEF9729A6AA07003C446A /* Build configuration list for PBXProject "NewsPlus" */;
			compatibilityVersion = "Xcode 14.0";
			developmentRegion = en;
			hasScannedForEncodings = 0;
			knownRegions = (
				en,
				Base,
			);
			mainGroup = 8DAAEF9329A6AA07003C446A;
			productRefGroup = 8DAAEF9D29A6AA07003C446A /* Products */;
			projectDirPath = "";
			projectRoot = "";
			targets = (
				8DAAEF9B29A6AA07003C446A /* NewsPlus */,
				8DAAEFB129A6AA0D003C446A /* NewsPlusTests */,
				8DAAEFBB29A6AA0E003C446A /* NewsPlusUITests */,
			);
		};
/* End PBXProject section */

/* Begin PBXResourcesBuildPhase section */
		8DAAEF9A29A6AA07003C446A /* Resources */ = {
			isa = PBXResourcesBuildPhase;
			buildActionMask = 2147483647;
			files = (
				8D0F374D29A858B20054C3DE /* FilterViewController.xib in Resources */,
				8DAAEFAC29A6AA0D003C446A /* LaunchScreen.storyboard in Resources */,
				8DAAEFD229A6B5BD003C446A /* NewsFeed.storyboard in Resources */,
				8D0F375129A863340054C3DE /* FilterCell.xib in Resources */,
				8DAAEFDC29A6C175003C446A /* NewsFeedCell.xib in Resources */,
				8DAAEFA929A6AA0D003C446A /* Assets.xcassets in Resources */,
				8D0F378B29AAD4890054C3DE /* NewsFeedCollectionCell.xib in Resources */,
			);
			runOnlyForDeploymentPostprocessing = 0;
		};
		8DAAEFB029A6AA0D003C446A /* Resources */ = {
			isa = PBXResourcesBuildPhase;
			buildActionMask = 2147483647;
			files = (
			);
			runOnlyForDeploymentPostprocessing = 0;
		};
		8DAAEFBA29A6AA0E003C446A /* Resources */ = {
			isa = PBXResourcesBuildPhase;
			buildActionMask = 2147483647;
			files = (
			);
			runOnlyForDeploymentPostprocessing = 0;
		};
/* End PBXResourcesBuildPhase section */

/* Begin PBXShellScriptBuildPhase section */
		8D0F378F29AC58E30054C3DE /* ShellScript */ = {
			isa = PBXShellScriptBuildPhase;
			buildActionMask = 2147483647;
			files = (
			);
			inputFileListPaths = (
			);
			inputPaths = (
			);
			outputFileListPaths = (
			);
			outputPaths = (
			);
			runOnlyForDeploymentPostprocessing = 0;
			shellPath = /bin/sh;
			shellScript = "
";
		};
/* End PBXShellScriptBuildPhase section */

/* Begin PBXSourcesBuildPhase section */
		8DAAEF9829A6AA07003C446A /* Sources */ = {
			isa = PBXSourcesBuildPhase;
			buildActionMask = 2147483647;
			files = (
				8D0F375029A863340054C3DE /* FilterCell.swift in Sources */,
				8D0F377F29AAA6930054C3DE /* Date+Extension.swift in Sources */,
				8DAAEFA429A6AA07003C446A /* NewsFeedViewController.swift in Sources */,
				8DAAEFA029A6AA07003C446A /* AppDelegate.swift in Sources */,
				8DA59D8529A6DFEC0085CE63 /* CbcEndPoint.swift in Sources */,
				8D0F378A29AAD4890054C3DE /* NewsFeedCollectionCell.swift in Sources */,
				8DAAEFDB29A6C175003C446A /* NewsFeedCell.swift in Sources */,
				8DAAEFA229A6AA07003C446A /* SceneDelegate.swift in Sources */,
				8D0F375F29A9AC050054C3DE /* CustomAlertViewController.swift in Sources */,
				8DA59D7029A6D2A90085CE63 /* NewsFeedModel.swift in Sources */,
				8DA59D8129A6DF530085CE63 /* ServiceConstants.swift in Sources */,
				8DA59D8729A6E6660085CE63 /* NewsFeedCellModel.swift in Sources */,
				8D0F375729A9192D0054C3DE /* FilterViewModel.swift in Sources */,
				8D0F375B29A9A8580054C3DE /* CustomTitleLabel.swift in Sources */,
				8DA59D7F29A6DEE60085CE63 /* ServiceProvider.swift in Sources */,
				8D0F374C29A858B20054C3DE /* FilterViewController.swift in Sources */,
				8DA59D8329A6DFC70085CE63 /* EndPointType.swift in Sources */,
				8D0F375929A921D80054C3DE /* PersistanceManager.swift in Sources */,
				8D0F376129A9ACA30054C3DE /* CustomButton.swift in Sources */,
				8D0F378129AAA6EE0054C3DE /* NewsFeedViewControllerExtension.swift in Sources */,
				8D0F375D29A9AA3F0054C3DE /* CustomBodyLabel.swift in Sources */,
				8DA59D7329A6D6FF0085CE63 /* Constants.swift in Sources */,
				8DA59D8A29A6F6570085CE63 /* UIImageView+LoadImage.swift in Sources */,
				8DA59D7829A6D9D90085CE63 /* NewsFeedViewModel.swift in Sources */,
			);
			runOnlyForDeploymentPostprocessing = 0;
		};
		8DAAEFAE29A6AA0D003C446A /* Sources */ = {
			isa = PBXSourcesBuildPhase;
			buildActionMask = 2147483647;
			files = (
				8DAAEFB729A6AA0E003C446A /* FetchFeedTests.swift in Sources */,
				8D7448FC29AC7C1500195037 /* FilterFeedTests.swift in Sources */,
			);
			runOnlyForDeploymentPostprocessing = 0;
		};
		8DAAEFB829A6AA0E003C446A /* Sources */ = {
			isa = PBXSourcesBuildPhase;
			buildActionMask = 2147483647;
			files = (
				8DAAEFC329A6AA0E003C446A /* CBCNewsFeedUITestsLaunchTests.swift in Sources */,
				8DAAEFC129A6AA0E003C446A /* CBCNewsFeedUITests.swift in Sources */,
			);
			runOnlyForDeploymentPostprocessing = 0;
		};
/* End PBXSourcesBuildPhase section */

/* Begin PBXTargetDependency section */
		8DAAEFB429A6AA0E003C446A /* PBXTargetDependency */ = {
			isa = PBXTargetDependency;
			target = 8DAAEF9B29A6AA07003C446A /* NewsPlus */;
			targetProxy = 8DAAEFB329A6AA0E003C446A /* PBXContainerItemProxy */;
		};
		8DAAEFBE29A6AA0E003C446A /* PBXTargetDependency */ = {
			isa = PBXTargetDependency;
			target = 8DAAEF9B29A6AA07003C446A /* NewsPlus */;
			targetProxy = 8DAAEFBD29A6AA0E003C446A /* PBXContainerItemProxy */;
		};
/* End PBXTargetDependency section */

/* Begin PBXVariantGroup section */
		8DAAEFAA29A6AA0D003C446A /* LaunchScreen.storyboard */ = {
			isa = PBXVariantGroup;
			children = (
				8DAAEFAB29A6AA0D003C446A /* Base */,
			);
			name = LaunchScreen.storyboard;
			sourceTree = "<group>";
		};
/* End PBXVariantGroup section */

/* Begin XCBuildConfiguration section */
		8DAAEFC429A6AA0E003C446A /* Debug */ = {
			isa = XCBuildConfiguration;
			buildSettings = {
				ALWAYS_SEARCH_USER_PATHS = NO;
				CLANG_ANALYZER_NONNULL = YES;
				CLANG_ANALYZER_NUMBER_OBJECT_CONVERSION = YES_AGGRESSIVE;
				CLANG_CXX_LANGUAGE_STANDARD = "gnu++20";
				CLANG_ENABLE_MODULES = YES;
				CLANG_ENABLE_OBJC_ARC = YES;
				CLANG_ENABLE_OBJC_WEAK = YES;
				CLANG_WARN_BLOCK_CAPTURE_AUTORELEASING = YES;
				CLANG_WARN_BOOL_CONVERSION = YES;
				CLANG_WARN_COMMA = YES;
				CLANG_WARN_CONSTANT_CONVERSION = YES;
				CLANG_WARN_DEPRECATED_OBJC_IMPLEMENTATIONS = YES;
				CLANG_WARN_DIRECT_OBJC_ISA_USAGE = YES_ERROR;
				CLANG_WARN_DOCUMENTATION_COMMENTS = YES;
				CLANG_WARN_EMPTY_BODY = YES;
				CLANG_WARN_ENUM_CONVERSION = YES;
				CLANG_WARN_INFINITE_RECURSION = YES;
				CLANG_WARN_INT_CONVERSION = YES;
				CLANG_WARN_NON_LITERAL_NULL_CONVERSION = YES;
				CLANG_WARN_OBJC_IMPLICIT_RETAIN_SELF = YES;
				CLANG_WARN_OBJC_LITERAL_CONVERSION = YES;
				CLANG_WARN_OBJC_ROOT_CLASS = YES_ERROR;
				CLANG_WARN_QUOTED_INCLUDE_IN_FRAMEWORK_HEADER = YES;
				CLANG_WARN_RANGE_LOOP_ANALYSIS = YES;
				CLANG_WARN_STRICT_PROTOTYPES = YES;
				CLANG_WARN_SUSPICIOUS_MOVE = YES;
				CLANG_WARN_UNGUARDED_AVAILABILITY = YES_AGGRESSIVE;
				CLANG_WARN_UNREACHABLE_CODE = YES;
				CLANG_WARN__DUPLICATE_METHOD_MATCH = YES;
				COPY_PHASE_STRIP = NO;
				DEBUG_INFORMATION_FORMAT = dwarf;
				ENABLE_STRICT_OBJC_MSGSEND = YES;
				ENABLE_TESTABILITY = YES;
				GCC_C_LANGUAGE_STANDARD = gnu11;
				GCC_DYNAMIC_NO_PIC = NO;
				GCC_NO_COMMON_BLOCKS = YES;
				GCC_OPTIMIZATION_LEVEL = 0;
				GCC_PREPROCESSOR_DEFINITIONS = (
					"DEBUG=1",
					"$(inherited)",
				);
				GCC_WARN_64_TO_32_BIT_CONVERSION = YES;
				GCC_WARN_ABOUT_RETURN_TYPE = YES_ERROR;
				GCC_WARN_UNDECLARED_SELECTOR = YES;
				GCC_WARN_UNINITIALIZED_AUTOS = YES_AGGRESSIVE;
				GCC_WARN_UNUSED_FUNCTION = YES;
				GCC_WARN_UNUSED_VARIABLE = YES;
				IPHONEOS_DEPLOYMENT_TARGET = 16.1;
				MTL_ENABLE_DEBUG_INFO = INCLUDE_SOURCE;
				MTL_FAST_MATH = YES;
				ONLY_ACTIVE_ARCH = YES;
				SDKROOT = iphoneos;
				SWIFT_ACTIVE_COMPILATION_CONDITIONS = DEBUG;
				SWIFT_OPTIMIZATION_LEVEL = "-Onone";
			};
			name = Debug;
		};
		8DAAEFC529A6AA0E003C446A /* Release */ = {
			isa = XCBuildConfiguration;
			buildSettings = {
				ALWAYS_SEARCH_USER_PATHS = NO;
				CLANG_ANALYZER_NONNULL = YES;
				CLANG_ANALYZER_NUMBER_OBJECT_CONVERSION = YES_AGGRESSIVE;
				CLANG_CXX_LANGUAGE_STANDARD = "gnu++20";
				CLANG_ENABLE_MODULES = YES;
				CLANG_ENABLE_OBJC_ARC = YES;
				CLANG_ENABLE_OBJC_WEAK = YES;
				CLANG_WARN_BLOCK_CAPTURE_AUTORELEASING = YES;
				CLANG_WARN_BOOL_CONVERSION = YES;
				CLANG_WARN_COMMA = YES;
				CLANG_WARN_CONSTANT_CONVERSION = YES;
				CLANG_WARN_DEPRECATED_OBJC_IMPLEMENTATIONS = YES;
				CLANG_WARN_DIRECT_OBJC_ISA_USAGE = YES_ERROR;
				CLANG_WARN_DOCUMENTATION_COMMENTS = YES;
				CLANG_WARN_EMPTY_BODY = YES;
				CLANG_WARN_ENUM_CONVERSION = YES;
				CLANG_WARN_INFINITE_RECURSION = YES;
				CLANG_WARN_INT_CONVERSION = YES;
				CLANG_WARN_NON_LITERAL_NULL_CONVERSION = YES;
				CLANG_WARN_OBJC_IMPLICIT_RETAIN_SELF = YES;
				CLANG_WARN_OBJC_LITERAL_CONVERSION = YES;
				CLANG_WARN_OBJC_ROOT_CLASS = YES_ERROR;
				CLANG_WARN_QUOTED_INCLUDE_IN_FRAMEWORK_HEADER = YES;
				CLANG_WARN_RANGE_LOOP_ANALYSIS = YES;
				CLANG_WARN_STRICT_PROTOTYPES = YES;
				CLANG_WARN_SUSPICIOUS_MOVE = YES;
				CLANG_WARN_UNGUARDED_AVAILABILITY = YES_AGGRESSIVE;
				CLANG_WARN_UNREACHABLE_CODE = YES;
				CLANG_WARN__DUPLICATE_METHOD_MATCH = YES;
				COPY_PHASE_STRIP = NO;
				DEBUG_INFORMATION_FORMAT = "dwarf-with-dsym";
				ENABLE_NS_ASSERTIONS = NO;
				ENABLE_STRICT_OBJC_MSGSEND = YES;
				GCC_C_LANGUAGE_STANDARD = gnu11;
				GCC_NO_COMMON_BLOCKS = YES;
				GCC_WARN_64_TO_32_BIT_CONVERSION = YES;
				GCC_WARN_ABOUT_RETURN_TYPE = YES_ERROR;
				GCC_WARN_UNDECLARED_SELECTOR = YES;
				GCC_WARN_UNINITIALIZED_AUTOS = YES_AGGRESSIVE;
				GCC_WARN_UNUSED_FUNCTION = YES;
				GCC_WARN_UNUSED_VARIABLE = YES;
				IPHONEOS_DEPLOYMENT_TARGET = 16.1;
				MTL_ENABLE_DEBUG_INFO = NO;
				MTL_FAST_MATH = YES;
				SDKROOT = iphoneos;
				SWIFT_COMPILATION_MODE = wholemodule;
				SWIFT_OPTIMIZATION_LEVEL = "-O";
				VALIDATE_PRODUCT = YES;
			};
			name = Release;
		};
		8DAAEFC729A6AA0E003C446A /* Debug */ = {
			isa = XCBuildConfiguration;
			buildSettings = {
				ASSETCATALOG_COMPILER_APPICON_NAME = AppIcon;
				ASSETCATALOG_COMPILER_GLOBAL_ACCENT_COLOR_NAME = AccentColor;
				CODE_SIGN_STYLE = Automatic;
				CURRENT_PROJECT_VERSION = 1;
				DEVELOPMENT_TEAM = UAGG6Y83F8;
				GENERATE_INFOPLIST_FILE = YES;
				INFOPLIST_FILE = CBCNewsFeed/Info.plist;
				INFOPLIST_KEY_UIApplicationSupportsIndirectInputEvents = YES;
				INFOPLIST_KEY_UILaunchStoryboardName = LaunchScreen;
				INFOPLIST_KEY_UIMainStoryboardFile = NewsFeed;
				INFOPLIST_KEY_UISupportedInterfaceOrientations = UIInterfaceOrientationPortrait;
				INFOPLIST_KEY_UISupportedInterfaceOrientations_iPad = "UIInterfaceOrientationLandscapeLeft UIInterfaceOrientationLandscapeRight UIInterfaceOrientationPortrait UIInterfaceOrientationPortraitUpsideDown";
				LD_RUNPATH_SEARCH_PATHS = (
					"$(inherited)",
					"@executable_path/Frameworks",
				);
				MARKETING_VERSION = 1.0;
				PRODUCT_BUNDLE_IDENTIFIER = com.student.CBCNewsFeed;
				PRODUCT_NAME = "$(TARGET_NAME)";
				SWIFT_EMIT_LOC_STRINGS = YES;
				SWIFT_VERSION = 5.0;
				TARGETED_DEVICE_FAMILY = "1,2";
			};
			name = Debug;
		};
		8DAAEFC829A6AA0E003C446A /* Release */ = {
			isa = XCBuildConfiguration;
			buildSettings = {
				ASSETCATALOG_COMPILER_APPICON_NAME = AppIcon;
				ASSETCATALOG_COMPILER_GLOBAL_ACCENT_COLOR_NAME = AccentColor;
				CODE_SIGN_STYLE = Automatic;
				CURRENT_PROJECT_VERSION = 1;
				DEVELOPMENT_TEAM = UAGG6Y83F8;
				GENERATE_INFOPLIST_FILE = YES;
				INFOPLIST_FILE = CBCNewsFeed/Info.plist;
				INFOPLIST_KEY_UIApplicationSupportsIndirectInputEvents = YES;
				INFOPLIST_KEY_UILaunchStoryboardName = LaunchScreen;
				INFOPLIST_KEY_UIMainStoryboardFile = NewsFeed;
				INFOPLIST_KEY_UISupportedInterfaceOrientations = UIInterfaceOrientationPortrait;
				INFOPLIST_KEY_UISupportedInterfaceOrientations_iPad = "UIInterfaceOrientationLandscapeLeft UIInterfaceOrientationLandscapeRight UIInterfaceOrientationPortrait UIInterfaceOrientationPortraitUpsideDown";
				LD_RUNPATH_SEARCH_PATHS = (
					"$(inherited)",
					"@executable_path/Frameworks",
				);
				MARKETING_VERSION = 1.0;
				PRODUCT_BUNDLE_IDENTIFIER = com.student.CBCNewsFeed;
				PRODUCT_NAME = "$(TARGET_NAME)";
				SWIFT_EMIT_LOC_STRINGS = YES;
				SWIFT_VERSION = 5.0;
				TARGETED_DEVICE_FAMILY = "1,2";
			};
			name = Release;
		};
		8DAAEFCA29A6AA0E003C446A /* Debug */ = {
			isa = XCBuildConfiguration;
			buildSettings = {
				ALWAYS_EMBED_SWIFT_STANDARD_LIBRARIES = YES;
				BUNDLE_LOADER = "$(TEST_HOST)";
				CODE_SIGN_STYLE = Automatic;
				CURRENT_PROJECT_VERSION = 1;
				DEVELOPMENT_TEAM = UAGG6Y83F8;
				GENERATE_INFOPLIST_FILE = YES;
				IPHONEOS_DEPLOYMENT_TARGET = 16.2;
				MARKETING_VERSION = 1.0;
				PRODUCT_BUNDLE_IDENTIFIER = com.student.CBCNewsFeedTests;
				PRODUCT_NAME = "$(TARGET_NAME)";
				SWIFT_EMIT_LOC_STRINGS = NO;
				SWIFT_VERSION = 5.0;
				TARGETED_DEVICE_FAMILY = "1,2";
				TEST_HOST = "$(BUILT_PRODUCTS_DIR)/NewsPlus.app/$(BUNDLE_EXECUTABLE_FOLDER_PATH)/NewsPlus";
			};
			name = Debug;
		};
		8DAAEFCB29A6AA0E003C446A /* Release */ = {
			isa = XCBuildConfiguration;
			buildSettings = {
				ALWAYS_EMBED_SWIFT_STANDARD_LIBRARIES = YES;
				BUNDLE_LOADER = "$(TEST_HOST)";
				CODE_SIGN_STYLE = Automatic;
				CURRENT_PROJECT_VERSION = 1;
				DEVELOPMENT_TEAM = UAGG6Y83F8;
				GENERATE_INFOPLIST_FILE = YES;
				IPHONEOS_DEPLOYMENT_TARGET = 16.2;
				MARKETING_VERSION = 1.0;
				PRODUCT_BUNDLE_IDENTIFIER = com.student.CBCNewsFeedTests;
				PRODUCT_NAME = "$(TARGET_NAME)";
				SWIFT_EMIT_LOC_STRINGS = NO;
				SWIFT_VERSION = 5.0;
				TARGETED_DEVICE_FAMILY = "1,2";
				TEST_HOST = "$(BUILT_PRODUCTS_DIR)/NewsPlus.app/$(BUNDLE_EXECUTABLE_FOLDER_PATH)/NewsPlus";
			};
			name = Release;
		};
		8DAAEFCD29A6AA0E003C446A /* Debug */ = {
			isa = XCBuildConfiguration;
			buildSettings = {
				ALWAYS_EMBED_SWIFT_STANDARD_LIBRARIES = YES;
				CODE_SIGN_STYLE = Automatic;
				CURRENT_PROJECT_VERSION = 1;
				DEVELOPMENT_TEAM = UAGG6Y83F8;
				GENERATE_INFOPLIST_FILE = YES;
				MARKETING_VERSION = 1.0;
				PRODUCT_BUNDLE_IDENTIFIER = com.student.CBCNewsFeedUITests;
				PRODUCT_NAME = "$(TARGET_NAME)";
				SWIFT_EMIT_LOC_STRINGS = NO;
				SWIFT_VERSION = 5.0;
				TARGETED_DEVICE_FAMILY = "1,2";
				TEST_TARGET_NAME = CBCNewsFeed;
			};
			name = Debug;
		};
		8DAAEFCE29A6AA0E003C446A /* Release */ = {
			isa = XCBuildConfiguration;
			buildSettings = {
				ALWAYS_EMBED_SWIFT_STANDARD_LIBRARIES = YES;
				CODE_SIGN_STYLE = Automatic;
				CURRENT_PROJECT_VERSION = 1;
				DEVELOPMENT_TEAM = UAGG6Y83F8;
				GENERATE_INFOPLIST_FILE = YES;
				MARKETING_VERSION = 1.0;
				PRODUCT_BUNDLE_IDENTIFIER = com.student.CBCNewsFeedUITests;
				PRODUCT_NAME = "$(TARGET_NAME)";
				SWIFT_EMIT_LOC_STRINGS = NO;
				SWIFT_VERSION = 5.0;
				TARGETED_DEVICE_FAMILY = "1,2";
				TEST_TARGET_NAME = CBCNewsFeed;
			};
			name = Release;
		};
/* End XCBuildConfiguration section */

/* Begin XCConfigurationList section */
		8DAAEF9729A6AA07003C446A /* Build configuration list for PBXProject "NewsPlus" */ = {
			isa = XCConfigurationList;
			buildConfigurations = (
				8DAAEFC429A6AA0E003C446A /* Debug */,
				8DAAEFC529A6AA0E003C446A /* Release */,
			);
			defaultConfigurationIsVisible = 0;
			defaultConfigurationName = Release;
		};
		8DAAEFC629A6AA0E003C446A /* Build configuration list for PBXNativeTarget "NewsPlus" */ = {
			isa = XCConfigurationList;
			buildConfigurations = (
				8DAAEFC729A6AA0E003C446A /* Debug */,
				8DAAEFC829A6AA0E003C446A /* Release */,
			);
			defaultConfigurationIsVisible = 0;
			defaultConfigurationName = Release;
		};
		8DAAEFC929A6AA0E003C446A /* Build configuration list for PBXNativeTarget "NewsPlusTests" */ = {
			isa = XCConfigurationList;
			buildConfigurations = (
				8DAAEFCA29A6AA0E003C446A /* Debug */,
				8DAAEFCB29A6AA0E003C446A /* Release */,
			);
			defaultConfigurationIsVisible = 0;
			defaultConfigurationName = Release;
		};
		8DAAEFCC29A6AA0E003C446A /* Build configuration list for PBXNativeTarget "NewsPlusUITests" */ = {
			isa = XCConfigurationList;
			buildConfigurations = (
				8DAAEFCD29A6AA0E003C446A /* Debug */,
				8DAAEFCE29A6AA0E003C446A /* Release */,
			);
			defaultConfigurationIsVisible = 0;
			defaultConfigurationName = Release;
		};
/* End XCConfigurationList section */
	};
	rootObject = 8DAAEF9429A6AA07003C446A /* Project object */;
}
